
Microsoft Visual Studio Solution File, Format Version 12.00
# Visual Studio Version 16
VisualStudioVersion = 16.0.31321.278
MinimumVisualStudioVersion = 10.0.40219.1
Project("{FAE04EC0-301F-11D3-BF4B-00C04F79EFBC}") = "DemoExamYP", "DemoExamYP\DemoExamYP.csproj", "{D4CFB470-4201-40DC-BB52-3C0455776220}"
EndProject
Global
	GlobalSection(SolutionConfigurationPlatforms) = preSolution
		Debug|Any CPU = Debug|Any CPU
		Release|Any CPU = Release|Any CPU
	EndGlobalSection
	GlobalSection(ProjectConfigurationPlatforms) = postSolution
		{D4CFB470-4201-40DC-BB52-3C0455776220}.Debug|Any CPU.ActiveCfg = Debug|Any CPU
		{D4CFB470-4201-40DC-BB52-3C0455776220}.Debug|Any CPU.Build.0 = Debug|Any CPU
		{D4CFB470-4201-40DC-BB52-3C0455776220}.Release|Any CPU.ActiveCfg = Release|Any CPU
		{D4CFB470-4201-40DC-BB52-3C0455776220}.Release|Any CPU.Build.0 = Release|Any CPU
	EndGlobalSection
	GlobalSection(SolutionProperties) = preSolution
		HideSolutionNode = FALSE
	EndGlobalSection
	GlobalSection(ExtensibilityGlobals) = postSolution
		SolutionGuid = {D309AD98-28F8-4064-833D-96AED042A13F}
	EndGlobalSection
EndGlobal
